// !$*UTF8*$!
{
	archiveVersion = 1;
	classes = {
	};
	objectVersion = 48;
	objects = {

/* Begin PBXBuildFile section */
		8304A8B620550FF800CBA1BF /* AppDelegate.swift in Sources */ = {isa = PBXBuildFile; fileRef = 8304A8B520550FF800CBA1BF /* AppDelegate.swift */; };
		8304A8B820550FF800CBA1BF /* ViewController.swift in Sources */ = {isa = PBXBuildFile; fileRef = 8304A8B720550FF800CBA1BF /* ViewController.swift */; };
		8304A8BB20550FF800CBA1BF /* Main.storyboard in Resources */ = {isa = PBXBuildFile; fileRef = 8304A8B920550FF800CBA1BF /* Main.storyboard */; };
		8304A8BD20550FF800CBA1BF /* Assets.xcassets in Resources */ = {isa = PBXBuildFile; fileRef = 8304A8BC20550FF800CBA1BF /* Assets.xcassets */; };
		8304A8C020550FF800CBA1BF /* LaunchScreen.storyboard in Resources */ = {isa = PBXBuildFile; fileRef = 8304A8BE20550FF800CBA1BF /* LaunchScreen.storyboard */; };
		8304A8CB20550FF800CBA1BF /* playDiceTests.swift in Sources */ = {isa = PBXBuildFile; fileRef = 8304A8CA20550FF800CBA1BF /* playDiceTests.swift */; };
		8304A8D620550FF800CBA1BF /* playDiceUITests.swift in Sources */ = {isa = PBXBuildFile; fileRef = 8304A8D520550FF800CBA1BF /* playDiceUITests.swift */; };
/* End PBXBuildFile section */

/* Begin PBXContainerItemProxy section */
		8304A8C720550FF800CBA1BF /* PBXContainerItemProxy */ = {
			isa = PBXContainerItemProxy;
			containerPortal = 8304A8AA20550FF800CBA1BF /* Project object */;
			proxyType = 1;
			remoteGlobalIDString = 8304A8B120550FF800CBA1BF;
			remoteInfo = playDice;
		};
		8304A8D220550FF800CBA1BF /* PBXContainerItemProxy */ = {
			isa = PBXContainerItemProxy;
			containerPortal = 8304A8AA20550FF800CBA1BF /* Project object */;
			proxyType = 1;
			remoteGlobalIDString = 8304A8B120550FF800CBA1BF;
			remoteInfo = playDice;
		};
/* End PBXContainerItemProxy section */

/* Begin PBXFileReference section */
		8304A8B220550FF800CBA1BF /* playDice.app */ = {isa = PBXFileReference; explicitFileType = wrapper.application; includeInIndex = 0; path = playDice.app; sourceTree = BUILT_PRODUCTS_DIR; };
		8304A8B520550FF800CBA1BF /* AppDelegate.swift */ = {isa = PBXFileReference; lastKnownFileType = sourcecode.swift; path = AppDelegate.swift; sourceTree = "<group>"; };
		8304A8B720550FF800CBA1BF /* ViewController.swift */ = {isa = PBXFileReference; lastKnownFileType = sourcecode.swift; path = ViewController.swift; sourceTree = "<group>"; };
		8304A8BA20550FF800CBA1BF /* Base */ = {isa = PBXFileReference; lastKnownFileType = file.storyboard; name = Base; path = Base.lproj/Main.storyboard; sourceTree = "<group>"; };
		8304A8BC20550FF800CBA1BF /* Assets.xcassets */ = {isa = PBXFileReference; lastKnownFileType = folder.assetcatalog; path = Assets.xcassets; sourceTree = "<group>"; };
		8304A8BF20550FF800CBA1BF /* Base */ = {isa = PBXFileReference; lastKnownFileType = file.storyboard; name = Base; path = Base.lproj/LaunchScreen.storyboard; sourceTree = "<group>"; };
		8304A8C120550FF800CBA1BF /* Info.plist */ = {isa = PBXFileReference; lastKnownFileType = text.plist.xml; path = Info.plist; sourceTree = "<group>"; };
		8304A8C620550FF800CBA1BF /* playDiceTests.xctest */ = {isa = PBXFileReference; explicitFileType = wrapper.cfbundle; includeInIndex = 0; path = playDiceTests.xctest; sourceTree = BUILT_PRODUCTS_DIR; };
		8304A8CA20550FF800CBA1BF /* playDiceTests.swift */ = {isa = PBXFileReference; lastKnownFileType = sourcecode.swift; path = playDiceTests.swift; sourceTree = "<group>"; };
		8304A8CC20550FF800CBA1BF /* Info.plist */ = {isa = PBXFileReference; lastKnownFileType = text.plist.xml; path = Info.plist; sourceTree = "<group>"; };
		8304A8D120550FF800CBA1BF /* playDiceUITests.xctest */ = {isa = PBXFileReference; explicitFileType = wrapper.cfbundle; includeInIndex = 0; path = playDiceUITests.xctest; sourceTree = BUILT_PRODUCTS_DIR; };
		8304A8D520550FF800CBA1BF /* playDiceUITests.swift */ = {isa = PBXFileReference; lastKnownFileType = sourcecode.swift; path = playDiceUITests.swift; sourceTree = "<group>"; };
		8304A8D720550FF800CBA1BF /* Info.plist */ = {isa = PBXFileReference; lastKnownFileType = text.plist.xml; path = Info.plist; sourceTree = "<group>"; };
/* End PBXFileReference section */

/* Begin PBXFrameworksBuildPhase section */
		8304A8AF20550FF800CBA1BF /* Frameworks */ = {
			isa = PBXFrameworksBuildPhase;
			buildActionMask = 2147483647;
			files = (
			);
			runOnlyForDeploymentPostprocessing = 0;
		};
		8304A8C320550FF800CBA1BF /* Frameworks */ = {
			isa = PBXFrameworksBuildPhase;
			buildActionMask = 2147483647;
			files = (
			);
			runOnlyForDeploymentPostprocessing = 0;
		};
		8304A8CE20550FF800CBA1BF /* Frameworks */ = {
			isa = PBXFrameworksBuildPhase;
			buildActionMask = 2147483647;
			files = (
			);
			runOnlyForDeploymentPostprocessing = 0;
		};
/* End PBXFrameworksBuildPhase section */

/* Begin PBXGroup section */
		8304A8A920550FF800CBA1BF = {
			isa = PBXGroup;
			children = (
				8304A8B420550FF800CBA1BF /* playDice */,
				8304A8C920550FF800CBA1BF /* playDiceTests */,
				8304A8D420550FF800CBA1BF /* playDiceUITests */,
				8304A8B320550FF800CBA1BF /* Products */,
			);
			sourceTree = "<group>";
		};
		8304A8B320550FF800CBA1BF /* Products */ = {
			isa = PBXGroup;
			children = (
				8304A8B220550FF800CBA1BF /* playDice.app */,
				8304A8C620550FF800CBA1BF /* playDiceTests.xctest */,
				8304A8D120550FF800CBA1BF /* playDiceUITests.xctest */,
			);
			name = Products;
			sourceTree = "<group>";
		};
		8304A8B420550FF800CBA1BF /* playDice */ = {
			isa = PBXGroup;
			children = (
				8304A8B520550FF800CBA1BF /* AppDelegate.swift */,
				8304A8B720550FF800CBA1BF /* ViewController.swift */,
				8304A8B920550FF800CBA1BF /* Main.storyboard */,
				8304A8BC20550FF800CBA1BF /* Assets.xcassets */,
				8304A8BE20550FF800CBA1BF /* LaunchScreen.storyboard */,
				8304A8C120550FF800CBA1BF /* Info.plist */,
			);
			path = playDice;
			sourceTree = "<group>";
		};
		8304A8C920550FF800CBA1BF /* playDiceTests */ = {
			isa = PBXGroup;
			children = (
				8304A8CA20550FF800CBA1BF /* playDiceTests.swift */,
				8304A8CC20550FF800CBA1BF /* Info.plist */,
			);
			path = playDiceTests;
			sourceTree = "<group>";
		};
		8304A8D420550FF800CBA1BF /* playDiceUITests */ = {
			isa = PBXGroup;
			children = (
				8304A8D520550FF800CBA1BF /* playDiceUITests.swift */,
				8304A8D720550FF800CBA1BF /* Info.plist */,
			);
			path = playDiceUITests;
			sourceTree = "<group>";
		};
/* End PBXGroup section */

/* Begin PBXNativeTarget section */
		8304A8B120550FF800CBA1BF /* playDice */ = {
			isa = PBXNativeTarget;
			buildConfigurationList = 8304A8DA20550FF800CBA1BF /* Build configuration list for PBXNativeTarget "playDice" */;
			buildPhases = (
				8304A8AE20550FF800CBA1BF /* Sources */,
				8304A8AF20550FF800CBA1BF /* Frameworks */,
				8304A8B020550FF800CBA1BF /* Resources */,
			);
			buildRules = (
			);
			dependencies = (
			);
			name = playDice;
			productName = playDice;
			productReference = 8304A8B220550FF800CBA1BF /* playDice.app */;
			productType = "com.apple.product-type.application";
		};
		8304A8C520550FF800CBA1BF /* playDiceTests */ = {
			isa = PBXNativeTarget;
			buildConfigurationList = 8304A8DD20550FF800CBA1BF /* Build configuration list for PBXNativeTarget "playDiceTests" */;
			buildPhases = (
				8304A8C220550FF800CBA1BF /* Sources */,
				8304A8C320550FF800CBA1BF /* Frameworks */,
				8304A8C420550FF800CBA1BF /* Resources */,
			);
			buildRules = (
			);
			dependencies = (
				8304A8C820550FF800CBA1BF /* PBXTargetDependency */,
			);
			name = playDiceTests;
			productName = playDiceTests;
			productReference = 8304A8C620550FF800CBA1BF /* playDiceTests.xctest */;
			productType = "com.apple.product-type.bundle.unit-test";
		};
		8304A8D020550FF800CBA1BF /* playDiceUITests */ = {
			isa = PBXNativeTarget;
			buildConfigurationList = 8304A8E020550FF800CBA1BF /* Build configuration list for PBXNativeTarget "playDiceUITests" */;
			buildPhases = (
				8304A8CD20550FF800CBA1BF /* Sources */,
				8304A8CE20550FF800CBA1BF /* Frameworks */,
				8304A8CF20550FF800CBA1BF /* Resources */,
			);
			buildRules = (
			);
			dependencies = (
				8304A8D320550FF800CBA1BF /* PBXTargetDependency */,
			);
			name = playDiceUITests;
			productName = playDiceUITests;
			productReference = 8304A8D120550FF800CBA1BF /* playDiceUITests.xctest */;
			productType = "com.apple.product-type.bundle.ui-testing";
		};
/* End PBXNativeTarget section */

/* Begin PBXProject section */
		8304A8AA20550FF800CBA1BF /* Project object */ = {
			isa = PBXProject;
			attributes = {
				LastSwiftUpdateCheck = 0920;
				LastUpgradeCheck = 0920;
				ORGANIZATIONNAME = Song;
				TargetAttributes = {
					8304A8B120550FF800CBA1BF = {
						CreatedOnToolsVersion = 9.2;
						ProvisioningStyle = Automatic;
					};
					8304A8C520550FF800CBA1BF = {
						CreatedOnToolsVersion = 9.2;
						ProvisioningStyle = Automatic;
						TestTargetID = 8304A8B120550FF800CBA1BF;
					};
					8304A8D020550FF800CBA1BF = {
						CreatedOnToolsVersion = 9.2;
						ProvisioningStyle = Automatic;
						TestTargetID = 8304A8B120550FF800CBA1BF;
					};
				};
			};
			buildConfigurationList = 8304A8AD20550FF800CBA1BF /* Build configuration list for PBXProject "playDice" */;
			compatibilityVersion = "Xcode 8.0";
			developmentRegion = en;
			hasScannedForEncodings = 0;
			knownRegions = (
				en,
				Base,
			);
			mainGroup = 8304A8A920550FF800CBA1BF;
			productRefGroup = 8304A8B320550FF800CBA1BF /* Products */;
			projectDirPath = "";
			projectRoot = "";
			targets = (
				8304A8B120550FF800CBA1BF /* playDice */,
				8304A8C520550FF800CBA1BF /* playDiceTests */,
				8304A8D020550FF800CBA1BF /* playDiceUITests */,
			);
		};
/* End PBXProject section */

/* Begin PBXResourcesBuildPhase section */
		8304A8B020550FF800CBA1BF /* Resources */ = {
			isa = PBXResourcesBuildPhase;
			buildActionMask = 2147483647;
			files = (
				8304A8C020550FF800CBA1BF /* LaunchScreen.storyboard in Resources */,
				8304A8BD20550FF800CBA1BF /* Assets.xcassets in Resources */,
				8304A8BB20550FF800CBA1BF /* Main.storyboard in Resources */,
			);
			runOnlyForDeploymentPostprocessing = 0;
		};
		8304A8C420550FF800CBA1BF /* Resources */ = {
			isa = PBXResourcesBuildPhase;
			buildActionMask = 2147483647;
			files = (
			);
			runOnlyForDeploymentPostprocessing = 0;
		};
		8304A8CF20550FF800CBA1BF /* Resources */ = {
			isa = PBXResourcesBuildPhase;
			buildActionMask = 2147483647;
			files = (
			);
			runOnlyForDeploymentPostprocessing = 0;
		};
/* End PBXResourcesBuildPhase section */

/* Begin PBXSourcesBuildPhase section */
		8304A8AE20550FF800CBA1BF /* Sources */ = {
			isa = PBXSourcesBuildPhase;
			buildActionMask = 2147483647;
			files = (
				8304A8B820550FF800CBA1BF /* ViewController.swift in Sources */,
				8304A8B620550FF800CBA1BF /* AppDelegate.swift in Sources */,
			);
			runOnlyForDeploymentPostprocessing = 0;
		};
		8304A8C220550FF800CBA1BF /* Sources */ = {
			isa = PBXSourcesBuildPhase;
			buildActionMask = 2147483647;
			files = (
				8304A8CB20550FF800CBA1BF /* playDiceTests.swift in Sources */,
			);
			runOnlyForDeploymentPostprocessing = 0;
		};
		8304A8CD20550FF800CBA1BF /* Sources */ = {
			isa = PBXSourcesBuildPhase;
			buildActionMask = 2147483647;
			files = (
				8304A8D620550FF800CBA1BF /* playDiceUITests.swift in Sources */,
			);
			runOnlyForDeploymentPostprocessing = 0;
		};
/* End PBXSourcesBuildPhase section */

/* Begin PBXTargetDependency section */
		8304A8C820550FF800CBA1BF /* PBXTargetDependency */ = {
			isa = PBXTargetDependency;
			target = 8304A8B120550FF800CBA1BF /* playDice */;
			targetProxy = 8304A8C720550FF800CBA1BF /* PBXContainerItemProxy */;
		};
		8304A8D320550FF800CBA1BF /* PBXTargetDependency */ = {
			isa = PBXTargetDependency;
			target = 8304A8B120550FF800CBA1BF /* playDice */;
			targetProxy = 8304A8D220550FF800CBA1BF /* PBXContainerItemProxy */;
		};
/* End PBXTargetDependency section */

/* Begin PBXVariantGroup section */
		8304A8B920550FF800CBA1BF /* Main.storyboard */ = {
			isa = PBXVariantGroup;
			children = (
				8304A8BA20550FF800CBA1BF /* Base */,
			);
			name = Main.storyboard;
			sourceTree = "<group>";
		};
		8304A8BE20550FF800CBA1BF /* LaunchScreen.storyboard */ = {
			isa = PBXVariantGroup;
			children = (
				8304A8BF20550FF800CBA1BF /* Base */,
			);
			name = LaunchScreen.storyboard;
			sourceTree = "<group>";
		};
/* End PBXVariantGroup section */

/* Begin XCBuildConfiguration section */
		8304A8D820550FF800CBA1BF /* Debug */ = {
			isa = XCBuildConfiguration;
			buildSettings = {
				ALWAYS_SEARCH_USER_PATHS = NO;
				CLANG_ANALYZER_NONNULL = YES;
				CLANG_ANALYZER_NUMBER_OBJECT_CONVERSION = YES_AGGRESSIVE;
				CLANG_CXX_LANGUAGE_STANDARD = "gnu++14";
				CLANG_CXX_LIBRARY = "libc++";
				CLANG_ENABLE_MODULES = YES;
				CLANG_ENABLE_OBJC_ARC = YES;
				CLANG_WARN_BLOCK_CAPTURE_AUTORELEASING = YES;
				CLANG_WARN_BOOL_CONVERSION = YES;
				CLANG_WARN_COMMA = YES;
				CLANG_WARN_CONSTANT_CONVERSION = YES;
				CLANG_WARN_DIRECT_OBJC_ISA_USAGE = YES_ERROR;
				CLANG_WARN_DOCUMENTATION_COMMENTS = YES;
				CLANG_WARN_EMPTY_BODY = YES;
				CLANG_WARN_ENUM_CONVERSION = YES;
				CLANG_WARN_INFINITE_RECURSION = YES;
				CLANG_WARN_INT_CONVERSION = YES;
				CLANG_WARN_NON_LITERAL_NULL_CONVERSION = YES;
				CLANG_WARN_OBJC_LITERAL_CONVERSION = YES;
				CLANG_WARN_OBJC_ROOT_CLASS = YES_ERROR;
				CLANG_WARN_RANGE_LOOP_ANALYSIS = YES;
				CLANG_WARN_STRICT_PROTOTYPES = YES;
				CLANG_WARN_SUSPICIOUS_MOVE = YES;
				CLANG_WARN_UNGUARDED_AVAILABILITY = YES_AGGRESSIVE;
				CLANG_WARN_UNREACHABLE_CODE = YES;
				CLANG_WARN__DUPLICATE_METHOD_MATCH = YES;
				CODE_SIGN_IDENTITY = "iPhone Developer";
				COPY_PHASE_STRIP = NO;
				DEBUG_INFORMATION_FORMAT = dwarf;
				ENABLE_STRICT_OBJC_MSGSEND = YES;
				ENABLE_TESTABILITY = YES;
				GCC_C_LANGUAGE_STANDARD = gnu11;
				GCC_DYNAMIC_NO_PIC = NO;
				GCC_NO_COMMON_BLOCKS = YES;
				GCC_OPTIMIZATION_LEVEL = 0;
				GCC_PREPROCESSOR_DEFINITIONS = (
					"DEBUG=1",
					"$(inherited)",
				);
				GCC_WARN_64_TO_32_BIT_CONVERSION = YES;
				GCC_WARN_ABOUT_RETURN_TYPE = YES_ERROR;
				GCC_WARN_UNDECLARED_SELECTOR = YES;
				GCC_WARN_UNINITIALIZED_AUTOS = YES_AGGRESSIVE;
				GCC_WARN_UNUSED_FUNCTION = YES;
				GCC_WARN_UNUSED_VARIABLE = YES;
				IPHONEOS_DEPLOYMENT_TARGET = 11.2;
				MTL_ENABLE_DEBUG_INFO = YES;
				ONLY_ACTIVE_ARCH = YES;
				SDKROOT = iphoneos;
				SWIFT_ACTIVE_COMPILATION_CONDITIONS = DEBUG;
				SWIFT_OPTIMIZATION_LEVEL = "-Onone";
			};
			name = Debug;
		};
		8304A8D920550FF800CBA1BF /* Release */ = {
			isa = XCBuildConfiguration;
			buildSettings = {
				ALWAYS_SEARCH_USER_PATHS = NO;
				CLANG_ANALYZER_NONNULL = YES;
				CLANG_ANALYZER_NUMBER_OBJECT_CONVERSION = YES_AGGRESSIVE;
				CLANG_CXX_LANGUAGE_STANDARD = "gnu++14";
				CLANG_CXX_LIBRARY = "libc++";
				CLANG_ENABLE_MODULES = YES;
				CLANG_ENABLE_OBJC_ARC = YES;
				CLANG_WARN_BLOCK_CAPTURE_AUTORELEASING = YES;
				CLANG_WARN_BOOL_CONVERSION = YES;
				CLANG_WARN_COMMA = YES;
				CLANG_WARN_CONSTANT_CONVERSION = YES;
				CLANG_WARN_DIRECT_OBJC_ISA_USAGE = YES_ERROR;
				CLANG_WARN_DOCUMENTATION_COMMENTS = YES;
				CLANG_WARN_EMPTY_BODY = YES;
				CLANG_WARN_ENUM_CONVERSION = YES;
				CLANG_WARN_INFINITE_RECURSION = YES;
				CLANG_WARN_INT_CONVERSION = YES;
				CLANG_WARN_NON_LITERAL_NULL_CONVERSION = YES;
				CLANG_WARN_OBJC_LITERAL_CONVERSION = YES;
				CLANG_WARN_OBJC_ROOT_CLASS = YES_ERROR;
				CLANG_WARN_RANGE_LOOP_ANALYSIS = YES;
				CLANG_WARN_STRICT_PROTOTYPES = YES;
				CLANG_WARN_SUSPICIOUS_MOVE = YES;
				CLANG_WARN_UNGUARDED_AVAILABILITY = YES_AGGRESSIVE;
				CLANG_WARN_UNREACHABLE_CODE = YES;
				CLANG_WARN__DUPLICATE_METHOD_MATCH = YES;
				CODE_SIGN_IDENTITY = "iPhone Developer";
				COPY_PHASE_STRIP = NO;
				DEBUG_INFORMATION_FORMAT = "dwarf-with-dsym";
				ENABLE_NS_ASSERTIONS = NO;
				ENABLE_STRICT_OBJC_MSGSEND = YES;
				GCC_C_LANGUAGE_STANDARD = gnu11;
				GCC_NO_COMMON_BLOCKS = YES;
				GCC_WARN_64_TO_32_BIT_CONVERSION = YES;
				GCC_WARN_ABOUT_RETURN_TYPE = YES_ERROR;
				GCC_WARN_UNDECLARED_SELECTOR = YES;
				GCC_WARN_UNINITIALIZED_AUTOS = YES_AGGRESSIVE;
				GCC_WARN_UNUSED_FUNCTION = YES;
				GCC_WARN_UNUSED_VARIABLE = YES;
				IPHONEOS_DEPLOYMENT_TARGET = 11.2;
				MTL_ENABLE_DEBUG_INFO = NO;
				SDKROOT = iphoneos;
				SWIFT_OPTIMIZATION_LEVEL = "-Owholemodule";
				VALIDATE_PRODUCT = YES;
			};
			name = Release;
		};
		8304A8DB20550FF800CBA1BF /* Debug */ = {
			isa = XCBuildConfiguration;
			buildSettings = {
				ASSETCATALOG_COMPILER_APPICON_NAME = AppIcon;
				CODE_SIGN_STYLE = Automatic;
				DEVELOPMENT_TEAM = 95J6EU4744;
				INFOPLIST_FILE = playDice/Info.plist;
				LD_RUNPATH_SEARCH_PATHS = "$(inherited) @executable_path/Frameworks";
				PRODUCT_BUNDLE_IDENTIFIER = ZhaoYang.playDice;
				PRODUCT_NAME = "$(TARGET_NAME)";
				SWIFT_VERSION = 4.0;
				TARGETED_DEVICE_FAMILY = "1,2";
			};
			name = Debug;
		};
		8304A8DC20550FF800CBA1BF /* Release */ = {
			isa = XCBuildConfiguration;
			buildSettings = {
				ASSETCATALOG_COMPILER_APPICON_NAME = AppIcon;
				CODE_SIGN_STYLE = Automatic;
				DEVELOPMENT_TEAM = 95J6EU4744;
				INFOPLIST_FILE = playDice/Info.plist;
				LD_RUNPATH_SEARCH_PATHS = "$(inherited) @executable_path/Frameworks";
				PRODUCT_BUNDLE_IDENTIFIER = ZhaoYang.playDice;
				PRODUCT_NAME = "$(TARGET_NAME)";
				SWIFT_VERSION = 4.0;
				TARGETED_DEVICE_FAMILY = "1,2";
			};
			name = Release;
		};
		8304A8DE20550FF800CBA1BF /* Debug */ = {
			isa = XCBuildConfiguration;
			buildSettings = {
				ALWAYS_EMBED_SWIFT_STANDARD_LIBRARIES = YES;
				BUNDLE_LOADER = "$(TEST_HOST)";
				CODE_SIGN_STYLE = Automatic;
				DEVELOPMENT_TEAM = 95J6EU4744;
				INFOPLIST_FILE = playDiceTests/Info.plist;
				LD_RUNPATH_SEARCH_PATHS = "$(inherited) @executable_path/Frameworks @loader_path/Frameworks";
				PRODUCT_BUNDLE_IDENTIFIER = ZhaoYang.playDiceTests;
				PRODUCT_NAME = "$(TARGET_NAME)";
				SWIFT_VERSION = 4.0;
				TARGETED_DEVICE_FAMILY = "1,2";
				TEST_HOST = "$(BUILT_PRODUCTS_DIR)/playDice.app/playDice";
			};
			name = Debug;
		};
		8304A8DF20550FF800CBA1BF /* Release */ = {
			isa = XCBuildConfiguration;
			buildSettings = {
				ALWAYS_EMBED_SWIFT_STANDARD_LIBRARIES = YES;
				BUNDLE_LOADER = "$(TEST_HOST)";
				CODE_SIGN_STYLE = Automatic;
				DEVELOPMENT_TEAM = 95J6EU4744;
				INFOPLIST_FILE = playDiceTests/Info.plist;
				LD_RUNPATH_SEARCH_PATHS = "$(inherited) @executable_path/Frameworks @loader_path/Frameworks";
				PRODUCT_BUNDLE_IDENTIFIER = ZhaoYang.playDiceTests;
				PRODUCT_NAME = "$(TARGET_NAME)";
				SWIFT_VERSION = 4.0;
				TARGETED_DEVICE_FAMILY = "1,2";
				TEST_HOST = "$(BUILT_PRODUCTS_DIR)/playDice.app/playDice";
			};
			name = Release;
		};
		8304A8E120550FF800CBA1BF /* Debug */ = {
			isa = XCBuildConfiguration;
			buildSettings = {
				ALWAYS_EMBED_SWIFT_STANDARD_LIBRARIES = YES;
				CODE_SIGN_STYLE = Automatic;
				DEVELOPMENT_TEAM = 95J6EU4744;
				INFOPLIST_FILE = playDiceUITests/Info.plist;
				LD_RUNPATH_SEARCH_PATHS = "$(inherited) @executable_path/Frameworks @loader_path/Frameworks";
				PRODUCT_BUNDLE_IDENTIFIER = ZhaoYang.playDiceUITests;
				PRODUCT_NAME = "$(TARGET_NAME)";
				SWIFT_VERSION = 4.0;
				TARGETED_DEVICE_FAMILY = "1,2";
				TEST_TARGET_NAME = playDice;
			};
			name = Debug;
		};
		8304A8E220550FF800CBA1BF /* Release */ = {
			isa = XCBuildConfiguration;
			buildSettings = {
				ALWAYS_EMBED_SWIFT_STANDARD_LIBRARIES = YES;
				CODE_SIGN_STYLE = Automatic;
				DEVELOPMENT_TEAM = 95J6EU4744;
				INFOPLIST_FILE = playDiceUITests/Info.plist;
				LD_RUNPATH_SEARCH_PATHS = "$(inherited) @executable_path/Frameworks @loader_path/Frameworks";
				PRODUCT_BUNDLE_IDENTIFIER = ZhaoYang.playDiceUITests;
				PRODUCT_NAME = "$(TARGET_NAME)";
				SWIFT_VERSION = 4.0;
				TARGETED_DEVICE_FAMILY = "1,2";
				TEST_TARGET_NAME = playDice;
			};
			name = Release;
		};
/* End XCBuildConfiguration section */

/* Begin XCConfigurationList section */
		8304A8AD20550FF800CBA1BF /* Build configuration list for PBXProject "playDice" */ = {
			isa = XCConfigurationList;
			buildConfigurations = (
				8304A8D820550FF800CBA1BF /* Debug */,
				8304A8D920550FF800CBA1BF /* Release */,
			);
			defaultConfigurationIsVisible = 0;
			defaultConfigurationName = Release;
		};
		8304A8DA20550FF800CBA1BF /* Build configuration list for PBXNativeTarget "playDice" */ = {
			isa = XCConfigurationList;
			buildConfigurations = (
				8304A8DB20550FF800CBA1BF /* Debug */,
				8304A8DC20550FF800CBA1BF /* Release */,
			);
			defaultConfigurationIsVisible = 0;
			defaultConfigurationName = Release;
		};
		8304A8DD20550FF800CBA1BF /* Build configuration list for PBXNativeTarget "playDiceTests" */ = {
			isa = XCConfigurationList;
			buildConfigurations = (
				8304A8DE20550FF800CBA1BF /* Debug */,
				8304A8DF20550FF800CBA1BF /* Release */,
			);
			defaultConfigurationIsVisible = 0;
			defaultConfigurationName = Release;
		};
		8304A8E020550FF800CBA1BF /* Build configuration list for PBXNativeTarget "playDiceUITests" */ = {
			isa = XCConfigurationList;
			buildConfigurations = (
				8304A8E120550FF800CBA1BF /* Debug */,
				8304A8E220550FF800CBA1BF /* Release */,
			);
			defaultConfigurationIsVisible = 0;
			defaultConfigurationName = Release;
		};
/* End XCConfigurationList section */
	};
	rootObject = 8304A8AA20550FF800CBA1BF /* Project object */;
}
